
Microsoft Visual Studio Solution File, Format Version 12.00
# Visual Studio Version 16
VisualStudioVersion = 16.0.37301.9
MinimumVisualStudioVersion = 10.0.40219.1
Project("{FAE04EC0-301F-11D3-BF4B-00C04F79EFBC}") = "BackPropagation", "BackPropagation.csproj", "{F2CC5C78-730B-4D01-B1D5-C12609A40F13}"
EndProject
Global
	GlobalSection(SolutionConfigurationPlatforms) = preSolution
		Debug|Any CPU = Debug|Any CPU
		Release|Any CPU = Release|Any CPU
	EndGlobalSection
	GlobalSection(ProjectConfigurationPlatforms) = postSolution
		{F2CC5C78-730B-4D01-B1D5-C12609A40F13}.Debug|Any CPU.ActiveCfg = Debug|Any CPU
		{F2CC5C78-730B-4D01-B1D5-C12609A40F13}.Debug|Any CPU.Build.0 = Debug|Any CPU
		{F2CC5C78-730B-4D01-B1D5-C12609A40F13}.Release|Any CPU.ActiveCfg = Release|Any CPU
		{F2CC5C78-730B-4D01-B1D5-C12609A40F13}.Release|Any CPU.Build.0 = Release|Any CPU
	EndGlobalSection
	GlobalSection(SolutionProperties) = preSolution
		HideSolutionNode = FALSE
	EndGlobalSection
	GlobalSection(ExtensibilityGlobals) = postSolution
		SolutionGuid = {3318847D-51F8-4768-B8D4-25D62099C4EF}
	EndGlobalSection
EndGlobal
